
Microsoft Visual Studio Solution File, Format Version 12.00
# Visual Studio 15
VisualStudioVersion = 15.0.27428.2027
MinimumVisualStudioVersion = 10.0.40219.1
Project("{FAE04EC0-301F-11D3-BF4B-00C04F79EFBC}") = "ReadingApp.iOS", "ReadingApp\ReadingApp.iOS\ReadingApp.iOS.csproj", "{73F5CE71-DFB7-4247-B90C-0B4348BCC5B9}"
EndProject
Project("{D954291E-2A0B-460D-934E-DC6B0785DB48}") = "ReadingApp", "ReadingApp\ReadingApp\ReadingApp.shproj", "{D4B590AC-E773-4157-9F80-2BDB063BEF8B}"
EndProject
Global
	GlobalSection(SharedMSBuildProjectFiles) = preSolution
		ReadingApp\ReadingApp\ReadingApp.projitems*{73f5ce71-dfb7-4247-b90c-0b4348bcc5b9}*SharedItemsImports = 4
		ReadingApp\ReadingApp\ReadingApp.projitems*{d4b590ac-e773-4157-9f80-2bdb063bef8b}*SharedItemsImports = 13
	EndGlobalSection
	GlobalSection(SolutionConfigurationPlatforms) = preSolution
		Ad-Hoc|iPhone = Ad-Hoc|iPhone
		Ad-Hoc|iPhoneSimulator = Ad-Hoc|iPhoneSimulator
		AppStore|iPhone = AppStore|iPhone
		AppStore|iPhoneSimulator = AppStore|iPhoneSimulator
		Debug|iPhone = Debug|iPhone
		Debug|iPhoneSimulator = Debug|iPhoneSimulator
		Release|iPhone = Release|iPhone
		Release|iPhoneSimulator = Release|iPhoneSimulator
	EndGlobalSection
	GlobalSection(ProjectConfigurationPlatforms) = postSolution
		{73F5CE71-DFB7-4247-B90C-0B4348BCC5B9}.Ad-Hoc|iPhone.ActiveCfg = Ad-Hoc|iPhone
		{73F5CE71-DFB7-4247-B90C-0B4348BCC5B9}.Ad-Hoc|iPhone.Build.0 = Ad-Hoc|iPhone
		{73F5CE71-DFB7-4247-B90C-0B4348BCC5B9}.Ad-Hoc|iPhoneSimulator.ActiveCfg = Ad-Hoc|iPhoneSimulator
		{73F5CE71-DFB7-4247-B90C-0B4348BCC5B9}.Ad-Hoc|iPhoneSimulator.Build.0 = Ad-Hoc|iPhoneSimulator
		{73F5CE71-DFB7-4247-B90C-0B4348BCC5B9}.AppStore|iPhone.ActiveCfg = AppStore|iPhone
		{73F5CE71-DFB7-4247-B90C-0B4348BCC5B9}.AppStore|iPhone.Build.0 = AppStore|iPhone
		{73F5CE71-DFB7-4247-B90C-0B4348BCC5B9}.AppStore|iPhoneSimulator.ActiveCfg = AppStore|iPhoneSimulator
		{73F5CE71-DFB7-4247-B90C-0B4348BCC5B9}.AppStore|iPhoneSimulator.Build.0 = AppStore|iPhoneSimulator
		{73F5CE71-DFB7-4247-B90C-0B4348BCC5B9}.Debug|iPhone.ActiveCfg = Debug|iPhone
		{73F5CE71-DFB7-4247-B90C-0B4348BCC5B9}.Debug|iPhone.Build.0 = Debug|iPhone
		{73F5CE71-DFB7-4247-B90C-0B4348BCC5B9}.Debug|iPhoneSimulator.ActiveCfg = Debug|iPhoneSimulator
		{73F5CE71-DFB7-4247-B90C-0B4348BCC5B9}.Debug|iPhoneSimulator.Build.0 = Debug|iPhoneSimulator
		{73F5CE71-DFB7-4247-B90C-0B4348BCC5B9}.Release|iPhone.ActiveCfg = Release|iPhone
		{73F5CE71-DFB7-4247-B90C-0B4348BCC5B9}.Release|iPhone.Build.0 = Release|iPhone
		{73F5CE71-DFB7-4247-B90C-0B4348BCC5B9}.Release|iPhoneSimulator.ActiveCfg = Release|iPhoneSimulator
		{73F5CE71-DFB7-4247-B90C-0B4348BCC5B9}.Release|iPhoneSimulator.Build.0 = Release|iPhoneSimulator
	EndGlobalSection
	GlobalSection(SolutionProperties) = preSolution
		HideSolutionNode = FALSE
	EndGlobalSection
	GlobalSection(ExtensibilityGlobals) = postSolution
		SolutionGuid = {69A10748-8332-4D1B-A5EE-EF74EC35B332}
	EndGlobalSection
EndGlobal
